
Microsoft Visual Studio Solution File, Format Version 12.00
# Visual Studio Version 17
VisualStudioVersion = 17.2.32408.312
MinimumVisualStudioVersion = 10.0.40219.1
Project("{9A19103F-16F7-4668-BE54-9A1E7A4F7556}") = "UndoRedo", "UndoRedo\UndoRedo.csproj", "{02A1CDED-109E-4E7A-AB4E-1EAEA47901E4}"
EndProject
Project("{9A19103F-16F7-4668-BE54-9A1E7A4F7556}") = "test", "test\test.csproj", "{4D120FD0-EA0B-4AD8-8B1F-B531B0027D7D}"
EndProject
Global
	GlobalSection(SolutionConfigurationPlatforms) = preSolution
		Debug|Any CPU = Debug|Any CPU
		Release|Any CPU = Release|Any CPU
	EndGlobalSection
	GlobalSection(ProjectConfigurationPlatforms) = postSolution
		{02A1CDED-109E-4E7A-AB4E-1EAEA47901E4}.Debug|Any CPU.ActiveCfg = Debug|Any CPU
		{02A1CDED-109E-4E7A-AB4E-1EAEA47901E4}.Debug|Any CPU.Build.0 = Debug|Any CPU
		{02A1CDED-109E-4E7A-AB4E-1EAEA47901E4}.Release|Any CPU.ActiveCfg = Release|Any CPU
		{02A1CDED-109E-4E7A-AB4E-1EAEA47901E4}.Release|Any CPU.Build.0 = Release|Any CPU
		{4D120FD0-EA0B-4AD8-8B1F-B531B0027D7D}.Debug|Any CPU.ActiveCfg = Debug|Any CPU
		{4D120FD0-EA0B-4AD8-8B1F-B531B0027D7D}.Debug|Any CPU.Build.0 = Debug|Any CPU
		{4D120FD0-EA0B-4AD8-8B1F-B531B0027D7D}.Release|Any CPU.ActiveCfg = Release|Any CPU
		{4D120FD0-EA0B-4AD8-8B1F-B531B0027D7D}.Release|Any CPU.Build.0 = Release|Any CPU
	EndGlobalSection
	GlobalSection(SolutionProperties) = preSolution
		HideSolutionNode = FALSE
	EndGlobalSection
	GlobalSection(ExtensibilityGlobals) = postSolution
		SolutionGuid = {49FAB1AB-E40B-4243-B215-1E4A21932B94}
	EndGlobalSection
EndGlobal
